
Microsoft Visual Studio Solution File, Format Version 12.00
# Visual Studio Version 17
VisualStudioVersion = 17.7.34221.43
MinimumVisualStudioVersion = 10.0.40219.1
Project("{FAE04EC0-301F-11D3-BF4B-00C04F79EFBC}") = "TaskBuddy", "TaskBuddy.csproj", "{2B129352-16C5-475B-B804-D29ED4218188}"
EndProject
Global
	GlobalSection(SolutionConfigurationPlatforms) = preSolution
		Debug|Any CPU = Debug|Any CPU
		Release|Any CPU = Release|Any CPU
	EndGlobalSection
	GlobalSection(ProjectConfigurationPlatforms) = postSolution
		{2B129352-16C5-475B-B804-D29ED4218188}.Debug|Any CPU.ActiveCfg = Debug|Any CPU
		{2B129352-16C5-475B-B804-D29ED4218188}.Debug|Any CPU.Build.0 = Debug|Any CPU
		{2B129352-16C5-475B-B804-D29ED4218188}.Release|Any CPU.ActiveCfg = Release|Any CPU
		{2B129352-16C5-475B-B804-D29ED4218188}.Release|Any CPU.Build.0 = Release|Any CPU
	EndGlobalSection
	GlobalSection(SolutionProperties) = preSolution
		HideSolutionNode = FALSE
	EndGlobalSection
	GlobalSection(ExtensibilityGlobals) = postSolution
		SolutionGuid = {A8C2D709-5809-4443-A606-66ECB43DD88B}
	EndGlobalSection
EndGlobal
